{
  "name": "beaker",
  "version": "0.1.0",
  "lockfileVersion": 1,
  "requires": true,
  "dependencies": {
    "vue-tabs-with-active-line": {
      "version": "1.1.3",
      "resolved": "https://registry.npmjs.org/vue-tabs-with-active-line/-/vue-tabs-with-active-line-1.1.3.tgz",
      "integrity": "sha512-zXC+Uy74UG9dK6Mhy7QxvQ4P48IBKIiV/BiJmm2VRgYh1eVTtzqOuNiJ25kq5NG4UX5Vwtuz7bUIrOzp73y93w=="
    }
  }
}
